
Microsoft Visual Studio Solution File, Format Version 12.00
# Visual Studio 15
VisualStudioVersion = 15.0.28307.572
MinimumVisualStudioVersion = 10.0.40219.1
Project("{FAE04EC0-301F-11D3-BF4B-00C04F79EFBC}") = "AlgorithmCs", "AlgorithmCs\AlgorithmCs.csproj", "{3882DBDE-0F84-4484-9538-03C974C07ED7}"
EndProject
Global
	GlobalSection(SolutionConfigurationPlatforms) = preSolution
		Debug|Any CPU = Debug|Any CPU
		Release|Any CPU = Release|Any CPU
	EndGlobalSection
	GlobalSection(ProjectConfigurationPlatforms) = postSolution
		{3882DBDE-0F84-4484-9538-03C974C07ED7}.Debug|Any CPU.ActiveCfg = Debug|Any CPU
		{3882DBDE-0F84-4484-9538-03C974C07ED7}.Debug|Any CPU.Build.0 = Debug|Any CPU
		{3882DBDE-0F84-4484-9538-03C974C07ED7}.Release|Any CPU.ActiveCfg = Release|Any CPU
		{3882DBDE-0F84-4484-9538-03C974C07ED7}.Release|Any CPU.Build.0 = Release|Any CPU
	EndGlobalSection
	GlobalSection(SolutionProperties) = preSolution
		HideSolutionNode = FALSE
	EndGlobalSection
	GlobalSection(ExtensibilityGlobals) = postSolution
		SolutionGuid = {A414F03E-453C-4343-BB6A-E857160529C4}
	EndGlobalSection
EndGlobal
